
Microsoft Visual Studio Solution File, Format Version 12.00
# Visual Studio Version 17
VisualStudioVersion = 17.13.35931.197 d17.13
MinimumVisualStudioVersion = 10.0.40219.1
Project("{FAE04EC0-301F-11D3-BF4B-00C04F79EFBC}") = "ConsoleApp1", "ConsoleApp1\ConsoleApp1.csproj", "{9BAA1266-225E-444D-BF4E-8BBFDDCCA0B2}"
EndProject
Global
	GlobalSection(SolutionConfigurationPlatforms) = preSolution
		Debug|Any CPU = Debug|Any CPU
		Release|Any CPU = Release|Any CPU
	EndGlobalSection
	GlobalSection(ProjectConfigurationPlatforms) = postSolution
		{9BAA1266-225E-444D-BF4E-8BBFDDCCA0B2}.Debug|Any CPU.ActiveCfg = Debug|Any CPU
		{9BAA1266-225E-444D-BF4E-8BBFDDCCA0B2}.Debug|Any CPU.Build.0 = Debug|Any CPU
		{9BAA1266-225E-444D-BF4E-8BBFDDCCA0B2}.Release|Any CPU.ActiveCfg = Release|Any CPU
		{9BAA1266-225E-444D-BF4E-8BBFDDCCA0B2}.Release|Any CPU.Build.0 = Release|Any CPU
	EndGlobalSection
	GlobalSection(SolutionProperties) = preSolution
		HideSolutionNode = FALSE
	EndGlobalSection
	GlobalSection(ExtensibilityGlobals) = postSolution
		SolutionGuid = {B7E4AF77-0F8F-4508-A3DF-4386B5268C7A}
	EndGlobalSection
EndGlobal
